// !$*UTF8*$!
{
	archiveVersion = 1;
	classes = {
	};
	objectVersion = 48;
	objects = {

/* Begin PBXBuildFile section */
		49D159789E2EA34D74E13ADE /* libPods-SecuritySystem.a in Frameworks */ = {isa = PBXBuildFile; fileRef = 05B644037ADAC2ABB80FF374 /* libPods-SecuritySystem.a */; };
		6C192EFE2008F4A700A21E1F /* UIImage+EasyExtend.m in Sources */ = {isa = PBXBuildFile; fileRef = 6C192EFD2008F4A700A21E1F /* UIImage+EasyExtend.m */; };
		EA12053420171452001B27D7 /* IDLFaceSDK.framework in Frameworks */ = {isa = PBXBuildFile; fileRef = EA12053120171451001B27D7 /* IDLFaceSDK.framework */; };
		EA12053520171452001B27D7 /* com.baidu.idl.face.model.bundle in Resources */ = {isa = PBXBuildFile; fileRef = EA12053220171452001B27D7 /* com.baidu.idl.face.model.bundle */; };
		EA12053620171452001B27D7 /* com.baidu.idl.face.faceSDK.bundle in Resources */ = {isa = PBXBuildFile; fileRef = EA12053320171452001B27D7 /* com.baidu.idl.face.faceSDK.bundle */; };
		EA1205382017145D001B27D7 /* idl-license.face-ios in Resources */ = {isa = PBXBuildFile; fileRef = EA1205372017145D001B27D7 /* idl-license.face-ios */; };
		EA12053B20171480001B27D7 /* AppDelegate+baiduFace.m in Sources */ = {isa = PBXBuildFile; fileRef = EA12053A20171480001B27D7 /* AppDelegate+baiduFace.m */; };
		EA12053D201714BB001B27D7 /* libc++.tbd in Frameworks */ = {isa = PBXBuildFile; fileRef = EA12053C201714BB001B27D7 /* libc++.tbd */; };
		EA12054B201716CD001B27D7 /* DetectionViewController.m in Sources */ = {isa = PBXBuildFile; fileRef = EA12053F201716CB001B27D7 /* DetectionViewController.m */; };
		EA12054C201716CD001B27D7 /* LivenessViewController.m in Sources */ = {isa = PBXBuildFile; fileRef = EA120541201716CB001B27D7 /* LivenessViewController.m */; };
		EA12054D201716CD001B27D7 /* CircleView.m in Sources */ = {isa = PBXBuildFile; fileRef = EA120542201716CC001B27D7 /* CircleView.m */; };
		EA12054E201716CD001B27D7 /* FaceBaseViewController.m in Sources */ = {isa = PBXBuildFile; fileRef = EA120543201716CC001B27D7 /* FaceBaseViewController.m */; };
		EA12054F201716CD001B27D7 /* RemindView.m in Sources */ = {isa = PBXBuildFile; fileRef = EA120547201716CC001B27D7 /* RemindView.m */; };
		EA120550201716CD001B27D7 /* LivingConfigViewController.m in Sources */ = {isa = PBXBuildFile; fileRef = EA120549201716CC001B27D7 /* LivingConfigViewController.m */; };
		EA12055420171703001B27D7 /* ImageUtils.m in Sources */ = {isa = PBXBuildFile; fileRef = EA12055220171703001B27D7 /* ImageUtils.m */; };
		EA1205572017170D001B27D7 /* LivingConfigModel.m in Sources */ = {isa = PBXBuildFile; fileRef = EA1205552017170D001B27D7 /* LivingConfigModel.m */; };
		EA12055A20171717001B27D7 /* VideoCaptureDevice.m in Sources */ = {isa = PBXBuildFile; fileRef = EA12055920171717001B27D7 /* VideoCaptureDevice.m */; };
		EA191866201B08FD00317631 /* AttenddanceCollectionViewCell.m in Sources */ = {isa = PBXBuildFile; fileRef = EA191864201B08FD00317631 /* AttenddanceCollectionViewCell.m */; };
		EA191867201B08FD00317631 /* AttenddanceCollectionViewCell.xib in Resources */ = {isa = PBXBuildFile; fileRef = EA191865201B08FD00317631 /* AttenddanceCollectionViewCell.xib */; };
		EA19186A201B16D300317631 /* AttendanceModel.m in Sources */ = {isa = PBXBuildFile; fileRef = EA191869201B16D300317631 /* AttendanceModel.m */; };
		EA19186D201B238400317631 /* CustomerVisitsViewController.m in Sources */ = {isa = PBXBuildFile; fileRef = EA19186C201B238400317631 /* CustomerVisitsViewController.m */; };
		EA1B42B51FE8F6E8000B8EC4 /* TrainingCollectionViewCell.m in Sources */ = {isa = PBXBuildFile; fileRef = EA1B42B31FE8F6E8000B8EC4 /* TrainingCollectionViewCell.m */; };
		EA1B42B61FE8F6E8000B8EC4 /* TrainingCollectionViewCell.xib in Resources */ = {isa = PBXBuildFile; fileRef = EA1B42B41FE8F6E8000B8EC4 /* TrainingCollectionViewCell.xib */; };
		EA1B42BD1FE91506000B8EC4 /* AttendanceViewController.m in Sources */ = {isa = PBXBuildFile; fileRef = EA1B42BB1FE91506000B8EC4 /* AttendanceViewController.m */; };
		EA1BE7851FFCD34800C3F674 /* NSObject+EasyExtend.m in Sources */ = {isa = PBXBuildFile; fileRef = EA1BE7831FFCD34700C3F674 /* NSObject+EasyExtend.m */; };
		EA1E1607200C4678006D8F0A /* WKFileService.m in Sources */ = {isa = PBXBuildFile; fileRef = EA1E1606200C4678006D8F0A /* WKFileService.m */; };
		EA4C6FBA1FE3A2F800776E71 /* BaseViewController.m in Sources */ = {isa = PBXBuildFile; fileRef = EA4C6FB91FE3A2F800776E71 /* BaseViewController.m */; };
		EA4C6FBD1FE3A31900776E71 /* BaseNavController.m in Sources */ = {isa = PBXBuildFile; fileRef = EA4C6FBC1FE3A31900776E71 /* BaseNavController.m */; };
		EA4C6FC11FE3A33D00776E71 /* LoginViewController.m in Sources */ = {isa = PBXBuildFile; fileRef = EA4C6FBF1FE3A33D00776E71 /* LoginViewController.m */; };
		EA4C6FC21FE3A33D00776E71 /* LoginViewController.xib in Resources */ = {isa = PBXBuildFile; fileRef = EA4C6FC01FE3A33D00776E71 /* LoginViewController.xib */; };
		EA4C6FC81FE3B63600776E71 /* MainViewController.m in Sources */ = {isa = PBXBuildFile; fileRef = EA4C6FC71FE3B63600776E71 /* MainViewController.m */; };
		EA4C6FCB1FE3B6E000776E71 /* UINavigationController+BaseNav.m in Sources */ = {isa = PBXBuildFile; fileRef = EA4C6FC91FE3B6DF00776E71 /* UINavigationController+BaseNav.m */; };
		EA4C6FCE1FE3C2F000776E71 /* ChosePersonViewController.m in Sources */ = {isa = PBXBuildFile; fileRef = EA4C6FCD1FE3C2F000776E71 /* ChosePersonViewController.m */; };
		EA4DA7A81FFDFD2F00A0CDF5 /* WKLocationManager.m in Sources */ = {isa = PBXBuildFile; fileRef = EA4DA7A71FFDFD2F00A0CDF5 /* WKLocationManager.m */; };
		EA4DA7AB1FFE010600A0CDF5 /* LocationView.m in Sources */ = {isa = PBXBuildFile; fileRef = EA4DA7AA1FFE010600A0CDF5 /* LocationView.m */; };
		EA4DA7B61FFE1ED600A0CDF5 /* WKPicturePreviewVC.m in Sources */ = {isa = PBXBuildFile; fileRef = EA4DA7B21FFE1ED600A0CDF5 /* WKPicturePreviewVC.m */; };
		EA4DA7B71FFE1ED600A0CDF5 /* PhotoCell.m in Sources */ = {isa = PBXBuildFile; fileRef = EA4DA7B41FFE1ED600A0CDF5 /* PhotoCell.m */; };
		EA4E47D11FF49A3500C7CE39 /* SMGApiClient+http.m in Sources */ = {isa = PBXBuildFile; fileRef = EA4E47D01FF49A3500C7CE39 /* SMGApiClient+http.m */; };
		EA4E47D41FF49E5100C7CE39 /* UserInfoModel.m in Sources */ = {isa = PBXBuildFile; fileRef = EA4E47D31FF49E5100C7CE39 /* UserInfoModel.m */; };
		EA4E47D71FF4C40C00C7CE39 /* OrgModel.m in Sources */ = {isa = PBXBuildFile; fileRef = EA4E47D61FF4C40C00C7CE39 /* OrgModel.m */; };
		EA50F5AB1FE20DF4007D062A /* AppDelegate.m in Sources */ = {isa = PBXBuildFile; fileRef = EA50F5AA1FE20DF4007D062A /* AppDelegate.m */; };
		EA50F5AE1FE20DF4007D062A /* ViewController.m in Sources */ = {isa = PBXBuildFile; fileRef = EA50F5AD1FE20DF4007D062A /* ViewController.m */; };
		EA50F5B11FE20DF4007D062A /* Main.storyboard in Resources */ = {isa = PBXBuildFile; fileRef = EA50F5AF1FE20DF4007D062A /* Main.storyboard */; };
		EA50F5B31FE20DF4007D062A /* Assets.xcassets in Resources */ = {isa = PBXBuildFile; fileRef = EA50F5B21FE20DF4007D062A /* Assets.xcassets */; };
		EA50F5B61FE20DF4007D062A /* LaunchScreen.storyboard in Resources */ = {isa = PBXBuildFile; fileRef = EA50F5B41FE20DF4007D062A /* LaunchScreen.storyboard */; };
		EA50F5B91FE20DF4007D062A /* main.m in Sources */ = {isa = PBXBuildFile; fileRef = EA50F5B81FE20DF4007D062A /* main.m */; };
		EA51DAB920074A22002A1D32 /* TeamManagerViewController.m in Sources */ = {isa = PBXBuildFile; fileRef = EA51DAB720074A22002A1D32 /* TeamManagerViewController.m */; };
		EA51DABA20074A22002A1D32 /* TeamManagerViewController.xib in Resources */ = {isa = PBXBuildFile; fileRef = EA51DAB820074A22002A1D32 /* TeamManagerViewController.xib */; };
		EA51DABE20074AF0002A1D32 /* TeamManagerTableViewCell.m in Sources */ = {isa = PBXBuildFile; fileRef = EA51DABC20074AF0002A1D32 /* TeamManagerTableViewCell.m */; };
		EA51DABF20074AF0002A1D32 /* TeamManagerTableViewCell.xib in Resources */ = {isa = PBXBuildFile; fileRef = EA51DABD20074AF0002A1D32 /* TeamManagerTableViewCell.xib */; };
		EA51DAC320074F43002A1D32 /* RegistrationViewController.m in Sources */ = {isa = PBXBuildFile; fileRef = EA51DAC120074F43002A1D32 /* RegistrationViewController.m */; };
		EA51DAC420074F43002A1D32 /* RegistrationViewController.xib in Resources */ = {isa = PBXBuildFile; fileRef = EA51DAC220074F43002A1D32 /* RegistrationViewController.xib */; };
		EA555A5B1FE759880047409B /* ChosePersonTableViewCell.m in Sources */ = {isa = PBXBuildFile; fileRef = EA555A591FE759880047409B /* ChosePersonTableViewCell.m */; };
		EA555A5C1FE759880047409B /* ChosePersonTableViewCell.xib in Resources */ = {isa = PBXBuildFile; fileRef = EA555A5A1FE759880047409B /* ChosePersonTableViewCell.xib */; };
		EA555A5F1FE75D2E0047409B /* ChosePersonModel.m in Sources */ = {isa = PBXBuildFile; fileRef = EA555A5E1FE75D2E0047409B /* ChosePersonModel.m */; };
		EA555A631FE765240047409B /* UploadTrainingViewController.m in Sources */ = {isa = PBXBuildFile; fileRef = EA555A611FE765240047409B /* UploadTrainingViewController.m */; };
		EA555A681FE76BEE0047409B /* ChosePositionViewController.m in Sources */ = {isa = PBXBuildFile; fileRef = EA555A661FE76BEE0047409B /* ChosePositionViewController.m */; };
		EA555A691FE76BEE0047409B /* ChosePositionViewController.xib in Resources */ = {isa = PBXBuildFile; fileRef = EA555A671FE76BEE0047409B /* ChosePositionViewController.xib */; };
		EA555A6D1FE791FB0047409B /* ChosePositionCell.m in Sources */ = {isa = PBXBuildFile; fileRef = EA555A6B1FE791FB0047409B /* ChosePositionCell.m */; };
		EA555A6E1FE791FB0047409B /* ChosePositionCell.xib in Resources */ = {isa = PBXBuildFile; fileRef = EA555A6C1FE791FB0047409B /* ChosePositionCell.xib */; };
		EA70CC751FF1E3820084A6DD /* SMGApiClient.m in Sources */ = {isa = PBXBuildFile; fileRef = EA70CC741FF1E3820084A6DD /* SMGApiClient.m */; };
		EA70CC781FF1E7430084A6DD /* UserManager.m in Sources */ = {isa = PBXBuildFile; fileRef = EA70CC761FF1E7430084A6DD /* UserManager.m */; };
/* End PBXBuildFile section */

/* Begin PBXFileReference section */
		05B644037ADAC2ABB80FF374 /* libPods-SecuritySystem.a */ = {isa = PBXFileReference; explicitFileType = archive.ar; includeInIndex = 0; path = "libPods-SecuritySystem.a"; sourceTree = BUILT_PRODUCTS_DIR; };
		4ACEFA78DF9640D6E882EB8A /* Pods-SecuritySystem.debug.xcconfig */ = {isa = PBXFileReference; includeInIndex = 1; lastKnownFileType = text.xcconfig; name = "Pods-SecuritySystem.debug.xcconfig"; path = "Pods/Target Support Files/Pods-SecuritySystem/Pods-SecuritySystem.debug.xcconfig"; sourceTree = "<group>"; };
		6C192EFC2008F4A700A21E1F /* UIImage+EasyExtend.h */ = {isa = PBXFileReference; lastKnownFileType = sourcecode.c.h; path = "UIImage+EasyExtend.h"; sourceTree = "<group>"; };
		6C192EFD2008F4A700A21E1F /* UIImage+EasyExtend.m */ = {isa = PBXFileReference; lastKnownFileType = sourcecode.c.objc; path = "UIImage+EasyExtend.m"; sourceTree = "<group>"; };
		7696A807ABE891A9169E3D38 /* Pods-SecuritySystem.release.xcconfig */ = {isa = PBXFileReference; includeInIndex = 1; lastKnownFileType = text.xcconfig; name = "Pods-SecuritySystem.release.xcconfig"; path = "Pods/Target Support Files/Pods-SecuritySystem/Pods-SecuritySystem.release.xcconfig"; sourceTree = "<group>"; };
		EA12053120171451001B27D7 /* IDLFaceSDK.framework */ = {isa = PBXFileReference; lastKnownFileType = wrapper.framework; path = IDLFaceSDK.framework; sourceTree = "<group>"; };
		EA12053220171452001B27D7 /* com.baidu.idl.face.model.bundle */ = {isa = PBXFileReference; lastKnownFileType = "wrapper.plug-in"; path = com.baidu.idl.face.model.bundle; sourceTree = "<group>"; };
		EA12053320171452001B27D7 /* com.baidu.idl.face.faceSDK.bundle */ = {isa = PBXFileReference; lastKnownFileType = "wrapper.plug-in"; path = com.baidu.idl.face.faceSDK.bundle; sourceTree = "<group>"; };
		EA1205372017145D001B27D7 /* idl-license.face-ios */ = {isa = PBXFileReference; fileEncoding = 4; lastKnownFileType = text; path = "idl-license.face-ios"; sourceTree = "<group>"; };
		EA12053920171480001B27D7 /* AppDelegate+baiduFace.h */ = {isa = PBXFileReference; lastKnownFileType = sourcecode.c.h; path = "AppDelegate+baiduFace.h"; sourceTree = "<group>"; };
		EA12053A20171480001B27D7 /* AppDelegate+baiduFace.m */ = {isa = PBXFileReference; lastKnownFileType = sourcecode.c.objc; path = "AppDelegate+baiduFace.m"; sourceTree = "<group>"; };
		EA12053C201714BB001B27D7 /* libc++.tbd */ = {isa = PBXFileReference; lastKnownFileType = "sourcecode.text-based-dylib-definition"; name = "libc++.tbd"; path = "usr/lib/libc++.tbd"; sourceTree = SDKROOT; };
		EA12053F201716CB001B27D7 /* DetectionViewController.m */ = {isa = PBXFileReference; fileEncoding = 4; lastKnownFileType = sourcecode.c.objc; path = DetectionViewController.m; sourceTree = "<group>"; };
		EA120540201716CB001B27D7 /* DetectionViewController.h */ = {isa = PBXFileReference; fileEncoding = 4; lastKnownFileType = sourcecode.c.h; path = DetectionViewController.h; sourceTree = "<group>"; };
		EA120541201716CB001B27D7 /* LivenessViewController.m */ = {isa = PBXFileReference; fileEncoding = 4; lastKnownFileType = sourcecode.c.objc; path = LivenessViewController.m; sourceTree = "<group>"; };
		EA120542201716CC001B27D7 /* CircleView.m */ = {isa = PBXFileReference; fileEncoding = 4; lastKnownFileType = sourcecode.c.objc; path = CircleView.m; sourceTree = "<group>"; };
		EA120543201716CC001B27D7 /* FaceBaseViewController.m */ = {isa = PBXFileReference; fileEncoding = 4; lastKnownFileType = sourcecode.c.objc; path = FaceBaseViewController.m; sourceTree = "<group>"; };
		EA120544201716CC001B27D7 /* LivingConfigViewController.h */ = {isa = PBXFileReference; fileEncoding = 4; lastKnownFileType = sourcecode.c.h; path = LivingConfigViewController.h; sourceTree = "<group>"; };
		EA120545201716CC001B27D7 /* RemindView.h */ = {isa = PBXFileReference; fileEncoding = 4; lastKnownFileType = sourcecode.c.h; path = RemindView.h; sourceTree = "<group>"; };
		EA120546201716CC001B27D7 /* CircleView.h */ = {isa = PBXFileReference; fileEncoding = 4; lastKnownFileType = sourcecode.c.h; path = CircleView.h; sourceTree = "<group>"; };
		EA120547201716CC001B27D7 /* RemindView.m */ = {isa = PBXFileReference; fileEncoding = 4; lastKnownFileType = sourcecode.c.objc; path = RemindView.m; sourceTree = "<group>"; };
		EA120548201716CC001B27D7 /* LivenessViewController.h */ = {isa = PBXFileReference; fileEncoding = 4; lastKnownFileType = sourcecode.c.h; path = LivenessViewController.h; sourceTree = "<group>"; };
		EA120549201716CC001B27D7 /* LivingConfigViewController.m */ = {isa = PBXFileReference; fileEncoding = 4; lastKnownFileType = sourcecode.c.objc; path = LivingConfigViewController.m; sourceTree = "<group>"; };
		EA12054A201716CD001B27D7 /* FaceBaseViewController.h */ = {isa = PBXFileReference; fileEncoding = 4; lastKnownFileType = sourcecode.c.h; path = FaceBaseViewController.h; sourceTree = "<group>"; };
		EA12055220171703001B27D7 /* ImageUtils.m */ = {isa = PBXFileReference; fileEncoding = 4; lastKnownFileType = sourcecode.c.objc; path = ImageUtils.m; sourceTree = "<group>"; };
		EA12055320171703001B27D7 /* ImageUtils.h */ = {isa = PBXFileReference; fileEncoding = 4; lastKnownFileType = sourcecode.c.h; path = ImageUtils.h; sourceTree = "<group>"; };
		EA1205552017170D001B27D7 /* LivingConfigModel.m */ = {isa = PBXFileReference; fileEncoding = 4; lastKnownFileType = sourcecode.c.objc; path = LivingConfigModel.m; sourceTree = "<group>"; };
		EA1205562017170D001B27D7 /* LivingConfigModel.h */ = {isa = PBXFileReference; fileEncoding = 4; lastKnownFileType = sourcecode.c.h; path = LivingConfigModel.h; sourceTree = "<group>"; };
		EA12055820171717001B27D7 /* VideoCaptureDevice.h */ = {isa = PBXFileReference; fileEncoding = 4; lastKnownFileType = sourcecode.c.h; path = VideoCaptureDevice.h; sourceTree = "<group>"; };
		EA12055920171717001B27D7 /* VideoCaptureDevice.m */ = {isa = PBXFileReference; fileEncoding = 4; lastKnownFileType = sourcecode.c.objc; path = VideoCaptureDevice.m; sourceTree = "<group>"; };
		EA191863201B08FD00317631 /* AttenddanceCollectionViewCell.h */ = {isa = PBXFileReference; lastKnownFileType = sourcecode.c.h; path = AttenddanceCollectionViewCell.h; sourceTree = "<group>"; };
		EA191864201B08FD00317631 /* AttenddanceCollectionViewCell.m */ = {isa = PBXFileReference; lastKnownFileType = sourcecode.c.objc; path = AttenddanceCollectionViewCell.m; sourceTree = "<group>"; };
		EA191865201B08FD00317631 /* AttenddanceCollectionViewCell.xib */ = {isa = PBXFileReference; lastKnownFileType = file.xib; path = AttenddanceCollectionViewCell.xib; sourceTree = "<group>"; };
		EA191868201B16D300317631 /* AttendanceModel.h */ = {isa = PBXFileReference; lastKnownFileType = sourcecode.c.h; path = AttendanceModel.h; sourceTree = "<group>"; };
		EA191869201B16D300317631 /* AttendanceModel.m */ = {isa = PBXFileReference; lastKnownFileType = sourcecode.c.objc; path = AttendanceModel.m; sourceTree = "<group>"; };
		EA19186B201B238400317631 /* CustomerVisitsViewController.h */ = {isa = PBXFileReference; lastKnownFileType = sourcecode.c.h; path = CustomerVisitsViewController.h; sourceTree = "<group>"; };
		EA19186C201B238400317631 /* CustomerVisitsViewController.m */ = {isa = PBXFileReference; lastKnownFileType = sourcecode.c.objc; path = CustomerVisitsViewController.m; sourceTree = "<group>"; };
		EA1B42B21FE8F6E8000B8EC4 /* TrainingCollectionViewCell.h */ = {isa = PBXFileReference; lastKnownFileType = sourcecode.c.h; path = TrainingCollectionViewCell.h; sourceTree = "<group>"; };
		EA1B42B31FE8F6E8000B8EC4 /* TrainingCollectionViewCell.m */ = {isa = PBXFileReference; lastKnownFileType = sourcecode.c.objc; path = TrainingCollectionViewCell.m; sourceTree = "<group>"; };
		EA1B42B41FE8F6E8000B8EC4 /* TrainingCollectionViewCell.xib */ = {isa = PBXFileReference; lastKnownFileType = file.xib; path = TrainingCollectionViewCell.xib; sourceTree = "<group>"; };
		EA1B42BA1FE91506000B8EC4 /* AttendanceViewController.h */ = {isa = PBXFileReference; lastKnownFileType = sourcecode.c.h; path = AttendanceViewController.h; sourceTree = "<group>"; };
		EA1B42BB1FE91506000B8EC4 /* AttendanceViewController.m */ = {isa = PBXFileReference; lastKnownFileType = sourcecode.c.objc; path = AttendanceViewController.m; sourceTree = "<group>"; };
		EA1BE7831FFCD34700C3F674 /* NSObject+EasyExtend.m */ = {isa = PBXFileReference; fileEncoding = 4; lastKnownFileType = sourcecode.c.objc; path = "NSObject+EasyExtend.m"; sourceTree = "<group>"; };
		EA1BE7841FFCD34800C3F674 /* NSObject+EasyExtend.h */ = {isa = PBXFileReference; fileEncoding = 4; lastKnownFileType = sourcecode.c.h; path = "NSObject+EasyExtend.h"; sourceTree = "<group>"; };
		EA1E1605200C4678006D8F0A /* WKFileService.h */ = {isa = PBXFileReference; fileEncoding = 4; lastKnownFileType = sourcecode.c.h; path = WKFileService.h; sourceTree = "<group>"; };
		EA1E1606200C4678006D8F0A /* WKFileService.m */ = {isa = PBXFileReference; fileEncoding = 4; lastKnownFileType = sourcecode.c.objc; path = WKFileService.m; sourceTree = "<group>"; };
		EA4C6FB81FE3A2F800776E71 /* BaseViewController.h */ = {isa = PBXFileReference; lastKnownFileType = sourcecode.c.h; path = BaseViewController.h; sourceTree = "<group>"; };
		EA4C6FB91FE3A2F800776E71 /* BaseViewController.m */ = {isa = PBXFileReference; lastKnownFileType = sourcecode.c.objc; path = BaseViewController.m; sourceTree = "<group>"; };
		EA4C6FBB1FE3A31900776E71 /* BaseNavController.h */ = {isa = PBXFileReference; lastKnownFileType = sourcecode.c.h; path = BaseNavController.h; sourceTree = "<group>"; };
		EA4C6FBC1FE3A31900776E71 /* BaseNavController.m */ = {isa = PBXFileReference; lastKnownFileType = sourcecode.c.objc; path = BaseNavController.m; sourceTree = "<group>"; };
		EA4C6FBE1FE3A33D00776E71 /* LoginViewController.h */ = {isa = PBXFileReference; lastKnownFileType = sourcecode.c.h; path = LoginViewController.h; sourceTree = "<group>"; };
		EA4C6FBF1FE3A33D00776E71 /* LoginViewController.m */ = {isa = PBXFileReference; lastKnownFileType = sourcecode.c.objc; path = LoginViewController.m; sourceTree = "<group>"; };
		EA4C6FC01FE3A33D00776E71 /* LoginViewController.xib */ = {isa = PBXFileReference; lastKnownFileType = file.xib; path = LoginViewController.xib; sourceTree = "<group>"; };
		EA4C6FC41FE3A4A800776E71 /* PrefixHeader.pch */ = {isa = PBXFileReference; lastKnownFileType = sourcecode.c.h; path = PrefixHeader.pch; sourceTree = "<group>"; };
		EA4C6FC51FE3A4B600776E71 /* MacroDefinitions.h */ = {isa = PBXFileReference; fileEncoding = 4; lastKnownFileType = sourcecode.c.h; path = MacroDefinitions.h; sourceTree = "<group>"; };
		EA4C6FC61FE3B63600776E71 /* MainViewController.h */ = {isa = PBXFileReference; lastKnownFileType = sourcecode.c.h; path = MainViewController.h; sourceTree = "<group>"; };
		EA4C6FC71FE3B63600776E71 /* MainViewController.m */ = {isa = PBXFileReference; lastKnownFileType = sourcecode.c.objc; path = MainViewController.m; sourceTree = "<group>"; };
		EA4C6FC91FE3B6DF00776E71 /* UINavigationController+BaseNav.m */ = {isa = PBXFileReference; fileEncoding = 4; lastKnownFileType = sourcecode.c.objc; path = "UINavigationController+BaseNav.m"; sourceTree = "<group>"; };
		EA4C6FCA1FE3B6E000776E71 /* UINavigationController+BaseNav.h */ = {isa = PBXFileReference; fileEncoding = 4; lastKnownFileType = sourcecode.c.h; path = "UINavigationController+BaseNav.h"; sourceTree = "<group>"; };
		EA4C6FCC1FE3C2F000776E71 /* ChosePersonViewController.h */ = {isa = PBXFileReference; lastKnownFileType = sourcecode.c.h; path = ChosePersonViewController.h; sourceTree = "<group>"; };
		EA4C6FCD1FE3C2F000776E71 /* ChosePersonViewController.m */ = {isa = PBXFileReference; lastKnownFileType = sourcecode.c.objc; path = ChosePersonViewController.m; sourceTree = "<group>"; };
		EA4DA7A61FFDFD2F00A0CDF5 /* WKLocationManager.h */ = {isa = PBXFileReference; lastKnownFileType = sourcecode.c.h; path = WKLocationManager.h; sourceTree = "<group>"; };
		EA4DA7A71FFDFD2F00A0CDF5 /* WKLocationManager.m */ = {isa = PBXFileReference; lastKnownFileType = sourcecode.c.objc; path = WKLocationManager.m; sourceTree = "<group>"; };
		EA4DA7A91FFE010600A0CDF5 /* LocationView.h */ = {isa = PBXFileReference; lastKnownFileType = sourcecode.c.h; path = LocationView.h; sourceTree = "<group>"; };
		EA4DA7AA1FFE010600A0CDF5 /* LocationView.m */ = {isa = PBXFileReference; lastKnownFileType = sourcecode.c.objc; path = LocationView.m; sourceTree = "<group>"; };
		EA4DA7B21FFE1ED600A0CDF5 /* WKPicturePreviewVC.m */ = {isa = PBXFileReference; fileEncoding = 4; lastKnownFileType = sourcecode.c.objc; path = WKPicturePreviewVC.m; sourceTree = "<group>"; };
		EA4DA7B31FFE1ED600A0CDF5 /* PhotoCell.h */ = {isa = PBXFileReference; fileEncoding = 4; lastKnownFileType = sourcecode.c.h; path = PhotoCell.h; sourceTree = "<group>"; };
		EA4DA7B41FFE1ED600A0CDF5 /* PhotoCell.m */ = {isa = PBXFileReference; fileEncoding = 4; lastKnownFileType = sourcecode.c.objc; path = PhotoCell.m; sourceTree = "<group>"; };
		EA4DA7B51FFE1ED600A0CDF5 /* WKPicturePreviewVC.h */ = {isa = PBXFileReference; fileEncoding = 4; lastKnownFileType = sourcecode.c.h; path = WKPicturePreviewVC.h; sourceTree = "<group>"; };
		EA4E47CF1FF49A3500C7CE39 /* SMGApiClient+http.h */ = {isa = PBXFileReference; lastKnownFileType = sourcecode.c.h; path = "SMGApiClient+http.h"; sourceTree = "<group>"; };
		EA4E47D01FF49A3500C7CE39 /* SMGApiClient+http.m */ = {isa = PBXFileReference; lastKnownFileType = sourcecode.c.objc; path = "SMGApiClient+http.m"; sourceTree = "<group>"; };
		EA4E47D21FF49E5100C7CE39 /* UserInfoModel.h */ = {isa = PBXFileReference; lastKnownFileType = sourcecode.c.h; path = UserInfoModel.h; sourceTree = "<group>"; };
		EA4E47D31FF49E5100C7CE39 /* UserInfoModel.m */ = {isa = PBXFileReference; lastKnownFileType = sourcecode.c.objc; path = UserInfoModel.m; sourceTree = "<group>"; };
		EA4E47D51FF4C40C00C7CE39 /* OrgModel.h */ = {isa = PBXFileReference; lastKnownFileType = sourcecode.c.h; path = OrgModel.h; sourceTree = "<group>"; };
		EA4E47D61FF4C40C00C7CE39 /* OrgModel.m */ = {isa = PBXFileReference; lastKnownFileType = sourcecode.c.objc; path = OrgModel.m; sourceTree = "<group>"; };
		EA50F5A61FE20DF4007D062A /* SecuritySystem.app */ = {isa = PBXFileReference; explicitFileType = wrapper.application; includeInIndex = 0; path = SecuritySystem.app; sourceTree = BUILT_PRODUCTS_DIR; };
		EA50F5A91FE20DF4007D062A /* AppDelegate.h */ = {isa = PBXFileReference; lastKnownFileType = sourcecode.c.h; path = AppDelegate.h; sourceTree = "<group>"; };
		EA50F5AA1FE20DF4007D062A /* AppDelegate.m */ = {isa = PBXFileReference; lastKnownFileType = sourcecode.c.objc; path = AppDelegate.m; sourceTree = "<group>"; };
		EA50F5AC1FE20DF4007D062A /* ViewController.h */ = {isa = PBXFileReference; lastKnownFileType = sourcecode.c.h; path = ViewController.h; sourceTree = "<group>"; };
		EA50F5AD1FE20DF4007D062A /* ViewController.m */ = {isa = PBXFileReference; lastKnownFileType = sourcecode.c.objc; path = ViewController.m; sourceTree = "<group>"; };
		EA50F5B01FE20DF4007D062A /* Base */ = {isa = PBXFileReference; lastKnownFileType = file.storyboard; name = Base; path = Base.lproj/Main.storyboard; sourceTree = "<group>"; };
		EA50F5B21FE20DF4007D062A /* Assets.xcassets */ = {isa = PBXFileReference; lastKnownFileType = folder.assetcatalog; path = Assets.xcassets; sourceTree = "<group>"; };
		EA50F5B51FE20DF4007D062A /* Base */ = {isa = PBXFileReference; lastKnownFileType = file.storyboard; name = Base; path = Base.lproj/LaunchScreen.storyboard; sourceTree = "<group>"; };
		EA50F5B71FE20DF4007D062A /* Info.plist */ = {isa = PBXFileReference; lastKnownFileType = text.plist.xml; path = Info.plist; sourceTree = "<group>"; };
		EA50F5B81FE20DF4007D062A /* main.m */ = {isa = PBXFileReference; lastKnownFileType = sourcecode.c.objc; path = main.m; sourceTree = "<group>"; };
		EA51DAB620074A22002A1D32 /* TeamManagerViewController.h */ = {isa = PBXFileReference; lastKnownFileType = sourcecode.c.h; path = TeamManagerViewController.h; sourceTree = "<group>"; };
		EA51DAB720074A22002A1D32 /* TeamManagerViewController.m */ = {isa = PBXFileReference; lastKnownFileType = sourcecode.c.objc; path = TeamManagerViewController.m; sourceTree = "<group>"; };
		EA51DAB820074A22002A1D32 /* TeamManagerViewController.xib */ = {isa = PBXFileReference; lastKnownFileType = file.xib; path = TeamManagerViewController.xib; sourceTree = "<group>"; };
		EA51DABB20074AF0002A1D32 /* TeamManagerTableViewCell.h */ = {isa = PBXFileReference; lastKnownFileType = sourcecode.c.h; path = TeamManagerTableViewCell.h; sourceTree = "<group>"; };
		EA51DABC20074AF0002A1D32 /* TeamManagerTableViewCell.m */ = {isa = PBXFileReference; lastKnownFileType = sourcecode.c.objc; path = TeamManagerTableViewCell.m; sourceTree = "<group>"; };
		EA51DABD20074AF0002A1D32 /* TeamManagerTableViewCell.xib */ = {isa = PBXFileReference; lastKnownFileType = file.xib; path = TeamManagerTableViewCell.xib; sourceTree = "<group>"; };
		EA51DAC020074F43002A1D32 /* RegistrationViewController.h */ = {isa = PBXFileReference; lastKnownFileType = sourcecode.c.h; path = RegistrationViewController.h; sourceTree = "<group>"; };
		EA51DAC120074F43002A1D32 /* RegistrationViewController.m */ = {isa = PBXFileReference; lastKnownFileType = sourcecode.c.objc; path = RegistrationViewController.m; sourceTree = "<group>"; };
		EA51DAC220074F43002A1D32 /* RegistrationViewController.xib */ = {isa = PBXFileReference; lastKnownFileType = file.xib; path = RegistrationViewController.xib; sourceTree = "<group>"; };
		EA555A581FE759880047409B /* ChosePersonTableViewCell.h */ = {isa = PBXFileReference; lastKnownFileType = sourcecode.c.h; path = ChosePersonTableViewCell.h; sourceTree = "<group>"; };
		EA555A591FE759880047409B /* ChosePersonTableViewCell.m */ = {isa = PBXFileReference; lastKnownFileType = sourcecode.c.objc; path = ChosePersonTableViewCell.m; sourceTree = "<group>"; };
		EA555A5A1FE759880047409B /* ChosePersonTableViewCell.xib */ = {isa = PBXFileReference; lastKnownFileType = file.xib; path = ChosePersonTableViewCell.xib; sourceTree = "<group>"; };
		EA555A5D1FE75D2E0047409B /* ChosePersonModel.h */ = {isa = PBXFileReference; lastKnownFileType = sourcecode.c.h; path = ChosePersonModel.h; sourceTree = "<group>"; };
		EA555A5E1FE75D2E0047409B /* ChosePersonModel.m */ = {isa = PBXFileReference; lastKnownFileType = sourcecode.c.objc; path = ChosePersonModel.m; sourceTree = "<group>"; };
		EA555A601FE765240047409B /* UploadTrainingViewController.h */ = {isa = PBXFileReference; lastKnownFileType = sourcecode.c.h; path = UploadTrainingViewController.h; sourceTree = "<group>"; };
		EA555A611FE765240047409B /* UploadTrainingViewController.m */ = {isa = PBXFileReference; lastKnownFileType = sourcecode.c.objc; path = UploadTrainingViewController.m; sourceTree = "<group>"; };
		EA555A651FE76BEE0047409B /* ChosePositionViewController.h */ = {isa = PBXFileReference; lastKnownFileType = sourcecode.c.h; path = ChosePositionViewController.h; sourceTree = "<group>"; };
		EA555A661FE76BEE0047409B /* ChosePositionViewController.m */ = {isa = PBXFileReference; lastKnownFileType = sourcecode.c.objc; path = ChosePositionViewController.m; sourceTree = "<group>"; };
		EA555A671FE76BEE0047409B /* ChosePositionViewController.xib */ = {isa = PBXFileReference; lastKnownFileType = file.xib; path = ChosePositionViewController.xib; sourceTree = "<group>"; };
		EA555A6A1FE791FB0047409B /* ChosePositionCell.h */ = {isa = PBXFileReference; lastKnownFileType = sourcecode.c.h; path = ChosePositionCell.h; sourceTree = "<group>"; };
		EA555A6B1FE791FB0047409B /* ChosePositionCell.m */ = {isa = PBXFileReference; lastKnownFileType = sourcecode.c.objc; path = ChosePositionCell.m; sourceTree = "<group>"; };
		EA555A6C1FE791FB0047409B /* ChosePositionCell.xib */ = {isa = PBXFileReference; lastKnownFileType = file.xib; path = ChosePositionCell.xib; sourceTree = "<group>"; };
		EA70CC731FF1E3820084A6DD /* SMGApiClient.h */ = {isa = PBXFileReference; fileEncoding = 4; lastKnownFileType = sourcecode.c.h; path = SMGApiClient.h; sourceTree = "<group>"; };
		EA70CC741FF1E3820084A6DD /* SMGApiClient.m */ = {isa = PBXFileReference; fileEncoding = 4; lastKnownFileType = sourcecode.c.objc; path = SMGApiClient.m; sourceTree = "<group>"; };
		EA70CC761FF1E7430084A6DD /* UserManager.m */ = {isa = PBXFileReference; fileEncoding = 4; lastKnownFileType = sourcecode.c.objc; path = UserManager.m; sourceTree = "<group>"; };
		EA70CC771FF1E7430084A6DD /* UserManager.h */ = {isa = PBXFileReference; fileEncoding = 4; lastKnownFileType = sourcecode.c.h; path = UserManager.h; sourceTree = "<group>"; };
/* End PBXFileReference section */

/* Begin PBXFrameworksBuildPhase section */
		EA50F5A31FE20DF4007D062A /* Frameworks */ = {
			isa = PBXFrameworksBuildPhase;
			buildActionMask = 2147483647;
			files = (
				EA12053D201714BB001B27D7 /* libc++.tbd in Frameworks */,
				EA12053420171452001B27D7 /* IDLFaceSDK.framework in Frameworks */,
				49D159789E2EA34D74E13ADE /* libPods-SecuritySystem.a in Frameworks */,
			);
			runOnlyForDeploymentPostprocessing = 0;
		};
/* End PBXFrameworksBuildPhase section */

/* Begin PBXGroup section */
		5343BD65CE98BF1B50E14F35 /* Frameworks */ = {
			isa = PBXGroup;
			children = (
				EA12053C201714BB001B27D7 /* libc++.tbd */,
				05B644037ADAC2ABB80FF374 /* libPods-SecuritySystem.a */,
			);
			name = Frameworks;
			sourceTree = "<group>";
		};
		916DD67CFFE63CD4289477C7 /* Pods */ = {
			isa = PBXGroup;
			children = (
				4ACEFA78DF9640D6E882EB8A /* Pods-SecuritySystem.debug.xcconfig */,
				7696A807ABE891A9169E3D38 /* Pods-SecuritySystem.release.xcconfig */,
			);
			name = Pods;
			sourceTree = "<group>";
		};
		EA12053020171413001B27D7 /* Thrid */ = {
			isa = PBXGroup;
			children = (
				EA12053E20171668001B27D7 /* BadiduFaceVC */,
				EA1205372017145D001B27D7 /* idl-license.face-ios */,
				EA12053320171452001B27D7 /* com.baidu.idl.face.faceSDK.bundle */,
				EA12053220171452001B27D7 /* com.baidu.idl.face.model.bundle */,
				EA12053120171451001B27D7 /* IDLFaceSDK.framework */,
			);
			path = Thrid;
			sourceTree = "<group>";
		};
		EA12053E20171668001B27D7 /* BadiduFaceVC */ = {
			isa = PBXGroup;
			children = (
				EA120546201716CC001B27D7 /* CircleView.h */,
				EA120542201716CC001B27D7 /* CircleView.m */,
				EA120540201716CB001B27D7 /* DetectionViewController.h */,
				EA12053F201716CB001B27D7 /* DetectionViewController.m */,
				EA12054A201716CD001B27D7 /* FaceBaseViewController.h */,
				EA120543201716CC001B27D7 /* FaceBaseViewController.m */,
				EA120548201716CC001B27D7 /* LivenessViewController.h */,
				EA120541201716CB001B27D7 /* LivenessViewController.m */,
				EA120544201716CC001B27D7 /* LivingConfigViewController.h */,
				EA120549201716CC001B27D7 /* LivingConfigViewController.m */,
				EA120545201716CC001B27D7 /* RemindView.h */,
				EA120547201716CC001B27D7 /* RemindView.m */,
			);
			path = BadiduFaceVC;
			sourceTree = "<group>";
		};
		EA12055120171703001B27D7 /* Utils */ = {
			isa = PBXGroup;
			children = (
				EA12055820171717001B27D7 /* VideoCaptureDevice.h */,
				EA12055920171717001B27D7 /* VideoCaptureDevice.m */,
				EA1205562017170D001B27D7 /* LivingConfigModel.h */,
				EA1205552017170D001B27D7 /* LivingConfigModel.m */,
				EA12055220171703001B27D7 /* ImageUtils.m */,
				EA12055320171703001B27D7 /* ImageUtils.h */,
			);
			path = Utils;
			sourceTree = "<group>";
		};
		EA4C6FB31FE39FA900776E71 /* ViewControllers */ = {
			isa = PBXGroup;
			children = (
				EA4DA7B11FFE1ED600A0CDF5 /* CommonVC */,
				EA4C6FB41FE39FA900776E71 /* Model */,
				EA4C6FB51FE39FA900776E71 /* View */,
				EA4C6FB61FE39FA900776E71 /* Controllers */,
			);
			path = ViewControllers;
			sourceTree = "<group>";
		};
		EA4C6FB41FE39FA900776E71 /* Model */ = {
			isa = PBXGroup;
			children = (
				EA555A5D1FE75D2E0047409B /* ChosePersonModel.h */,
				EA555A5E1FE75D2E0047409B /* ChosePersonModel.m */,
				EA4E47D21FF49E5100C7CE39 /* UserInfoModel.h */,
				EA4E47D31FF49E5100C7CE39 /* UserInfoModel.m */,
				EA4E47D51FF4C40C00C7CE39 /* OrgModel.h */,
				EA4E47D61FF4C40C00C7CE39 /* OrgModel.m */,
				EA191868201B16D300317631 /* AttendanceModel.h */,
				EA191869201B16D300317631 /* AttendanceModel.m */,
			);
			path = Model;
			sourceTree = "<group>";
		};
		EA4C6FB51FE39FA900776E71 /* View */ = {
			isa = PBXGroup;
			children = (
				EA555A581FE759880047409B /* ChosePersonTableViewCell.h */,
				EA555A591FE759880047409B /* ChosePersonTableViewCell.m */,
				EA555A5A1FE759880047409B /* ChosePersonTableViewCell.xib */,
				EA555A6A1FE791FB0047409B /* ChosePositionCell.h */,
				EA555A6B1FE791FB0047409B /* ChosePositionCell.m */,
				EA555A6C1FE791FB0047409B /* ChosePositionCell.xib */,
				EA1B42B21FE8F6E8000B8EC4 /* TrainingCollectionViewCell.h */,
				EA1B42B31FE8F6E8000B8EC4 /* TrainingCollectionViewCell.m */,
				EA1B42B41FE8F6E8000B8EC4 /* TrainingCollectionViewCell.xib */,
				EA4DA7A91FFE010600A0CDF5 /* LocationView.h */,
				EA4DA7AA1FFE010600A0CDF5 /* LocationView.m */,
				EA51DABB20074AF0002A1D32 /* TeamManagerTableViewCell.h */,
				EA51DABC20074AF0002A1D32 /* TeamManagerTableViewCell.m */,
				EA51DABD20074AF0002A1D32 /* TeamManagerTableViewCell.xib */,
				EA191863201B08FD00317631 /* AttenddanceCollectionViewCell.h */,
				EA191864201B08FD00317631 /* AttenddanceCollectionViewCell.m */,
				EA191865201B08FD00317631 /* AttenddanceCollectionViewCell.xib */,
			);
			path = View;
			sourceTree = "<group>";
		};
		EA4C6FB61FE39FA900776E71 /* Controllers */ = {
			isa = PBXGroup;
			children = (
				EA4C6FBE1FE3A33D00776E71 /* LoginViewController.h */,
				EA4C6FBF1FE3A33D00776E71 /* LoginViewController.m */,
				EA4C6FC01FE3A33D00776E71 /* LoginViewController.xib */,
				EA4C6FC61FE3B63600776E71 /* MainViewController.h */,
				EA4C6FC71FE3B63600776E71 /* MainViewController.m */,
				EA4C6FCC1FE3C2F000776E71 /* ChosePersonViewController.h */,
				EA4C6FCD1FE3C2F000776E71 /* ChosePersonViewController.m */,
				EA555A601FE765240047409B /* UploadTrainingViewController.h */,
				EA555A611FE765240047409B /* UploadTrainingViewController.m */,
				EA555A651FE76BEE0047409B /* ChosePositionViewController.h */,
				EA555A661FE76BEE0047409B /* ChosePositionViewController.m */,
				EA555A671FE76BEE0047409B /* ChosePositionViewController.xib */,
				EA1B42BA1FE91506000B8EC4 /* AttendanceViewController.h */,
				EA1B42BB1FE91506000B8EC4 /* AttendanceViewController.m */,
				EA51DAB620074A22002A1D32 /* TeamManagerViewController.h */,
				EA51DAB720074A22002A1D32 /* TeamManagerViewController.m */,
				EA51DAB820074A22002A1D32 /* TeamManagerViewController.xib */,
				EA51DAC020074F43002A1D32 /* RegistrationViewController.h */,
				EA51DAC120074F43002A1D32 /* RegistrationViewController.m */,
				EA51DAC220074F43002A1D32 /* RegistrationViewController.xib */,
				EA19186B201B238400317631 /* CustomerVisitsViewController.h */,
				EA19186C201B238400317631 /* CustomerVisitsViewController.m */,
			);
			path = Controllers;
			sourceTree = "<group>";
		};
		EA4C6FB71FE39FED00776E71 /* Base */ = {
			isa = PBXGroup;
			children = (
				EA1E1605200C4678006D8F0A /* WKFileService.h */,
				EA1E1606200C4678006D8F0A /* WKFileService.m */,
				EA1BE7841FFCD34800C3F674 /* NSObject+EasyExtend.h */,
				EA1BE7831FFCD34700C3F674 /* NSObject+EasyExtend.m */,
				EA70CC771FF1E7430084A6DD /* UserManager.h */,
				EA70CC761FF1E7430084A6DD /* UserManager.m */,
				EA4C6FCA1FE3B6E000776E71 /* UINavigationController+BaseNav.h */,
				EA4C6FC91FE3B6DF00776E71 /* UINavigationController+BaseNav.m */,
				EA4C6FB81FE3A2F800776E71 /* BaseViewController.h */,
				EA4C6FB91FE3A2F800776E71 /* BaseViewController.m */,
				EA4C6FBB1FE3A31900776E71 /* BaseNavController.h */,
				EA4C6FBC1FE3A31900776E71 /* BaseNavController.m */,
				6C192EFC2008F4A700A21E1F /* UIImage+EasyExtend.h */,
				6C192EFD2008F4A700A21E1F /* UIImage+EasyExtend.m */,
			);
			path = Base;
			sourceTree = "<group>";
		};
		EA4DA7A51FFDFD1E00A0CDF5 /* Manager */ = {
			isa = PBXGroup;
			children = (
				EA4DA7A61FFDFD2F00A0CDF5 /* WKLocationManager.h */,
				EA4DA7A71FFDFD2F00A0CDF5 /* WKLocationManager.m */,
			);
			path = Manager;
			sourceTree = "<group>";
		};
		EA4DA7B11FFE1ED600A0CDF5 /* CommonVC */ = {
			isa = PBXGroup;
			children = (
				EA4DA7B21FFE1ED600A0CDF5 /* WKPicturePreviewVC.m */,
				EA4DA7B31FFE1ED600A0CDF5 /* PhotoCell.h */,
				EA4DA7B41FFE1ED600A0CDF5 /* PhotoCell.m */,
				EA4DA7B51FFE1ED600A0CDF5 /* WKPicturePreviewVC.h */,
			);
			path = CommonVC;
			sourceTree = "<group>";
		};
		EA50F59D1FE20DF4007D062A = {
			isa = PBXGroup;
			children = (
				EA50F5A81FE20DF4007D062A /* SecuritySystem */,
				EA50F5A71FE20DF4007D062A /* Products */,
				916DD67CFFE63CD4289477C7 /* Pods */,
				5343BD65CE98BF1B50E14F35 /* Frameworks */,
			);
			sourceTree = "<group>";
		};
		EA50F5A71FE20DF4007D062A /* Products */ = {
			isa = PBXGroup;
			children = (
				EA50F5A61FE20DF4007D062A /* SecuritySystem.app */,
			);
			name = Products;
			sourceTree = "<group>";
		};
		EA50F5A81FE20DF4007D062A /* SecuritySystem */ = {
			isa = PBXGroup;
			children = (
				EA12055120171703001B27D7 /* Utils */,
				EA4DA7A51FFDFD1E00A0CDF5 /* Manager */,
				EA4C6FB71FE39FED00776E71 /* Base */,
				EA70CC721FF1E3480084A6DD /* Http */,
				EA50F5A91FE20DF4007D062A /* AppDelegate.h */,
				EA50F5AA1FE20DF4007D062A /* AppDelegate.m */,
				EA12053920171480001B27D7 /* AppDelegate+baiduFace.h */,
				EA12053A20171480001B27D7 /* AppDelegate+baiduFace.m */,
				EA4C6FB31FE39FA900776E71 /* ViewControllers */,
				EA50F5AC1FE20DF4007D062A /* ViewController.h */,
				EA50F5AD1FE20DF4007D062A /* ViewController.m */,
				EA50F5AF1FE20DF4007D062A /* Main.storyboard */,
				EA50F5B21FE20DF4007D062A /* Assets.xcassets */,
				EA50F5B41FE20DF4007D062A /* LaunchScreen.storyboard */,
				EA50F5B71FE20DF4007D062A /* Info.plist */,
				EA12053020171413001B27D7 /* Thrid */,
				EA50F5B81FE20DF4007D062A /* main.m */,
				EA4C6FC51FE3A4B600776E71 /* MacroDefinitions.h */,
				EA4C6FC41FE3A4A800776E71 /* PrefixHeader.pch */,
			);
			path = SecuritySystem;
			sourceTree = "<group>";
		};
		EA70CC721FF1E3480084A6DD /* Http */ = {
			isa = PBXGroup;
			children = (
				EA70CC731FF1E3820084A6DD /* SMGApiClient.h */,
				EA70CC741FF1E3820084A6DD /* SMGApiClient.m */,
				EA4E47CF1FF49A3500C7CE39 /* SMGApiClient+http.h */,
				EA4E47D01FF49A3500C7CE39 /* SMGApiClient+http.m */,
			);
			path = Http;
			sourceTree = "<group>";
		};
/* End PBXGroup section */

/* Begin PBXNativeTarget section */
		EA50F5A51FE20DF4007D062A /* SecuritySystem */ = {
			isa = PBXNativeTarget;
			buildConfigurationList = EA50F5BC1FE20DF4007D062A /* Build configuration list for PBXNativeTarget "SecuritySystem" */;
			buildPhases = (
				4C9CBA21F2F86E36B5395F74 /* [CP] Check Pods Manifest.lock */,
				EA50F5A21FE20DF4007D062A /* Sources */,
				EA50F5A31FE20DF4007D062A /* Frameworks */,
				EA50F5A41FE20DF4007D062A /* Resources */,
				1A0D97C82D419587B0B86340 /* [CP] Embed Pods Frameworks */,
				6D371EB6E15C22ADBA335B97 /* [CP] Copy Pods Resources */,
			);
			buildRules = (
			);
			dependencies = (
			);
			name = SecuritySystem;
			productName = SecuritySystem;
			productReference = EA50F5A61FE20DF4007D062A /* SecuritySystem.app */;
			productType = "com.apple.product-type.application";
		};
/* End PBXNativeTarget section */

/* Begin PBXProject section */
		EA50F59E1FE20DF4007D062A /* Project object */ = {
			isa = PBXProject;
			attributes = {
				LastUpgradeCheck = 0920;
				ORGANIZATIONNAME = wangkun;
				TargetAttributes = {
					EA50F5A51FE20DF4007D062A = {
						CreatedOnToolsVersion = 9.2;
						ProvisioningStyle = Manual;
					};
				};
			};
			buildConfigurationList = EA50F5A11FE20DF4007D062A /* Build configuration list for PBXProject "SecuritySystem" */;
			compatibilityVersion = "Xcode 8.0";
			developmentRegion = en;
			hasScannedForEncodings = 0;
			knownRegions = (
				en,
				Base,
			);
			mainGroup = EA50F59D1FE20DF4007D062A;
			productRefGroup = EA50F5A71FE20DF4007D062A /* Products */;
			projectDirPath = "";
			projectRoot = "";
			targets = (
				EA50F5A51FE20DF4007D062A /* SecuritySystem */,
			);
		};
/* End PBXProject section */

/* Begin PBXResourcesBuildPhase section */
		EA50F5A41FE20DF4007D062A /* Resources */ = {
			isa = PBXResourcesBuildPhase;
			buildActionMask = 2147483647;
			files = (
				EA12053620171452001B27D7 /* com.baidu.idl.face.faceSDK.bundle in Resources */,
				EA4C6FC21FE3A33D00776E71 /* LoginViewController.xib in Resources */,
				EA51DABA20074A22002A1D32 /* TeamManagerViewController.xib in Resources */,
				EA555A691FE76BEE0047409B /* ChosePositionViewController.xib in Resources */,
				EA50F5B61FE20DF4007D062A /* LaunchScreen.storyboard in Resources */,
				EA51DABF20074AF0002A1D32 /* TeamManagerTableViewCell.xib in Resources */,
				EA50F5B31FE20DF4007D062A /* Assets.xcassets in Resources */,
				EA555A5C1FE759880047409B /* ChosePersonTableViewCell.xib in Resources */,
				EA1205382017145D001B27D7 /* idl-license.face-ios in Resources */,
				EA555A6E1FE791FB0047409B /* ChosePositionCell.xib in Resources */,
				EA12053520171452001B27D7 /* com.baidu.idl.face.model.bundle in Resources */,
				EA51DAC420074F43002A1D32 /* RegistrationViewController.xib in Resources */,
				EA1B42B61FE8F6E8000B8EC4 /* TrainingCollectionViewCell.xib in Resources */,
				EA191867201B08FD00317631 /* AttenddanceCollectionViewCell.xib in Resources */,
				EA50F5B11FE20DF4007D062A /* Main.storyboard in Resources */,
			);
			runOnlyForDeploymentPostprocessing = 0;
		};
/* End PBXResourcesBuildPhase section */

/* Begin PBXShellScriptBuildPhase section */
		1A0D97C82D419587B0B86340 /* [CP] Embed Pods Frameworks */ = {
			isa = PBXShellScriptBuildPhase;
			buildActionMask = 2147483647;
			files = (
			);
			inputPaths = (
			);
			name = "[CP] Embed Pods Frameworks";
			outputPaths = (
			);
			runOnlyForDeploymentPostprocessing = 0;
			shellPath = /bin/sh;
			shellScript = "\"${SRCROOT}/Pods/Target Support Files/Pods-SecuritySystem/Pods-SecuritySystem-frameworks.sh\"\n";
			showEnvVarsInLog = 0;
		};
		4C9CBA21F2F86E36B5395F74 /* [CP] Check Pods Manifest.lock */ = {
			isa = PBXShellScriptBuildPhase;
			buildActionMask = 2147483647;
			files = (
			);
			inputPaths = (
				"${PODS_PODFILE_DIR_PATH}/Podfile.lock",
				"${PODS_ROOT}/Manifest.lock",
			);
			name = "[CP] Check Pods Manifest.lock";
			outputPaths = (
				"$(DERIVED_FILE_DIR)/Pods-SecuritySystem-checkManifestLockResult.txt",
			);
			runOnlyForDeploymentPostprocessing = 0;
			shellPath = /bin/sh;
			shellScript = "diff \"${PODS_PODFILE_DIR_PATH}/Podfile.lock\" \"${PODS_ROOT}/Manifest.lock\" > /dev/null\nif [ $? != 0 ] ; then\n    # print error to STDERR\n    echo \"error: The sandbox is not in sync with the Podfile.lock. Run 'pod install' or update your CocoaPods installation.\" >&2\n    exit 1\nfi\n# This output is used by Xcode 'outputs' to avoid re-running this script phase.\necho \"SUCCESS\" > \"${SCRIPT_OUTPUT_FILE_0}\"\n";
			showEnvVarsInLog = 0;
		};
		6D371EB6E15C22ADBA335B97 /* [CP] Copy Pods Resources */ = {
			isa = PBXShellScriptBuildPhase;
			buildActionMask = 2147483647;
			files = (
			);
			inputPaths = (
				"${SRCROOT}/Pods/Target Support Files/Pods-SecuritySystem/Pods-SecuritySystem-resources.sh",
				"${PODS_ROOT}/AMap3DMap/MAMapKit.framework/AMap.bundle",
				"${PODS_ROOT}/SVProgressHUD/SVProgressHUD/SVProgressHUD.bundle",
				"${PODS_ROOT}/ZLPhotoBrowser/PhotoBrowser/resource/ZLPhotoActionSheet.xib",
				"${PODS_ROOT}/ZLPhotoBrowser/PhotoBrowser/resource/ZLPhotoBrowserCell.xib",
				"${PODS_ROOT}/ZLPhotoBrowser/PhotoBrowser/resource/ZLPhotoBrowser.bundle",
			);
			name = "[CP] Copy Pods Resources";
			outputPaths = (
				"${TARGET_BUILD_DIR}/${UNLOCALIZED_RESOURCES_FOLDER_PATH}",
			);
			runOnlyForDeploymentPostprocessing = 0;
			shellPath = /bin/sh;
			shellScript = "\"${SRCROOT}/Pods/Target Support Files/Pods-SecuritySystem/Pods-SecuritySystem-resources.sh\"\n";
			showEnvVarsInLog = 0;
		};
/* End PBXShellScriptBuildPhase section */

/* Begin PBXSourcesBuildPhase section */
		EA50F5A21FE20DF4007D062A /* Sources */ = {
			isa = PBXSourcesBuildPhase;
			buildActionMask = 2147483647;
			files = (
				EA4DA7B71FFE1ED600A0CDF5 /* PhotoCell.m in Sources */,
				EA51DAB920074A22002A1D32 /* TeamManagerViewController.m in Sources */,
				EA4C6FCB1FE3B6E000776E71 /* UINavigationController+BaseNav.m in Sources */,
				EA555A631FE765240047409B /* UploadTrainingViewController.m in Sources */,
				EA50F5AE1FE20DF4007D062A /* ViewController.m in Sources */,
				EA4C6FCE1FE3C2F000776E71 /* ChosePersonViewController.m in Sources */,
				EA12054F201716CD001B27D7 /* RemindView.m in Sources */,
				EA4DA7B61FFE1ED600A0CDF5 /* WKPicturePreviewVC.m in Sources */,
				EA19186D201B238400317631 /* CustomerVisitsViewController.m in Sources */,
				EA4C6FBD1FE3A31900776E71 /* BaseNavController.m in Sources */,
				EA12054E201716CD001B27D7 /* FaceBaseViewController.m in Sources */,
				EA1B42B51FE8F6E8000B8EC4 /* TrainingCollectionViewCell.m in Sources */,
				EA12055A20171717001B27D7 /* VideoCaptureDevice.m in Sources */,
				6C192EFE2008F4A700A21E1F /* UIImage+EasyExtend.m in Sources */,
				EA12055420171703001B27D7 /* ImageUtils.m in Sources */,
				EA4E47D71FF4C40C00C7CE39 /* OrgModel.m in Sources */,
				EA12054D201716CD001B27D7 /* CircleView.m in Sources */,
				EA4E47D41FF49E5100C7CE39 /* UserInfoModel.m in Sources */,
				EA4E47D11FF49A3500C7CE39 /* SMGApiClient+http.m in Sources */,
				EA12053B20171480001B27D7 /* AppDelegate+baiduFace.m in Sources */,
				EA4C6FC11FE3A33D00776E71 /* LoginViewController.m in Sources */,
				EA4C6FBA1FE3A2F800776E71 /* BaseViewController.m in Sources */,
				EA70CC751FF1E3820084A6DD /* SMGApiClient.m in Sources */,
				EA4C6FC81FE3B63600776E71 /* MainViewController.m in Sources */,
				EA19186A201B16D300317631 /* AttendanceModel.m in Sources */,
				EA70CC781FF1E7430084A6DD /* UserManager.m in Sources */,
				EA1BE7851FFCD34800C3F674 /* NSObject+EasyExtend.m in Sources */,
				EA51DAC320074F43002A1D32 /* RegistrationViewController.m in Sources */,
				EA51DABE20074AF0002A1D32 /* TeamManagerTableViewCell.m in Sources */,
				EA555A681FE76BEE0047409B /* ChosePositionViewController.m in Sources */,
				EA555A5F1FE75D2E0047409B /* ChosePersonModel.m in Sources */,
				EA120550201716CD001B27D7 /* LivingConfigViewController.m in Sources */,
				EA1B42BD1FE91506000B8EC4 /* AttendanceViewController.m in Sources */,
				EA12054C201716CD001B27D7 /* LivenessViewController.m in Sources */,
				EA12054B201716CD001B27D7 /* DetectionViewController.m in Sources */,
				EA50F5B91FE20DF4007D062A /* main.m in Sources */,
				EA191866201B08FD00317631 /* AttenddanceCollectionViewCell.m in Sources */,
				EA4DA7A81FFDFD2F00A0CDF5 /* WKLocationManager.m in Sources */,
				EA50F5AB1FE20DF4007D062A /* AppDelegate.m in Sources */,
				EA4DA7AB1FFE010600A0CDF5 /* LocationView.m in Sources */,
				EA1E1607200C4678006D8F0A /* WKFileService.m in Sources */,
				EA555A5B1FE759880047409B /* ChosePersonTableViewCell.m in Sources */,
				EA1205572017170D001B27D7 /* LivingConfigModel.m in Sources */,
				EA555A6D1FE791FB0047409B /* ChosePositionCell.m in Sources */,
			);
			runOnlyForDeploymentPostprocessing = 0;
		};
/* End PBXSourcesBuildPhase section */

/* Begin PBXVariantGroup section */
		EA50F5AF1FE20DF4007D062A /* Main.storyboard */ = {
			isa = PBXVariantGroup;
			children = (
				EA50F5B01FE20DF4007D062A /* Base */,
			);
			name = Main.storyboard;
			sourceTree = "<group>";
		};
		EA50F5B41FE20DF4007D062A /* LaunchScreen.storyboard */ = {
			isa = PBXVariantGroup;
			children = (
				EA50F5B51FE20DF4007D062A /* Base */,
			);
			name = LaunchScreen.storyboard;
			sourceTree = "<group>";
		};
/* End PBXVariantGroup section */

/* Begin XCBuildConfiguration section */
		EA50F5BA1FE20DF4007D062A /* Debug */ = {
			isa = XCBuildConfiguration;
			buildSettings = {
				ALWAYS_SEARCH_USER_PATHS = NO;
				CLANG_ANALYZER_NONNULL = YES;
				CLANG_ANALYZER_NUMBER_OBJECT_CONVERSION = YES_AGGRESSIVE;
				CLANG_CXX_LANGUAGE_STANDARD = "gnu++14";
				CLANG_CXX_LIBRARY = "libc++";
				CLANG_ENABLE_MODULES = YES;
				CLANG_ENABLE_OBJC_ARC = YES;
				CLANG_WARN_BLOCK_CAPTURE_AUTORELEASING = YES;
				CLANG_WARN_BOOL_CONVERSION = YES;
				CLANG_WARN_COMMA = YES;
				CLANG_WARN_CONSTANT_CONVERSION = YES;
				CLANG_WARN_DIRECT_OBJC_ISA_USAGE = YES_ERROR;
				CLANG_WARN_DOCUMENTATION_COMMENTS = YES;
				CLANG_WARN_EMPTY_BODY = YES;
				CLANG_WARN_ENUM_CONVERSION = YES;
				CLANG_WARN_INFINITE_RECURSION = YES;
				CLANG_WARN_INT_CONVERSION = YES;
				CLANG_WARN_NON_LITERAL_NULL_CONVERSION = YES;
				CLANG_WARN_OBJC_LITERAL_CONVERSION = YES;
				CLANG_WARN_OBJC_ROOT_CLASS = YES_ERROR;
				CLANG_WARN_RANGE_LOOP_ANALYSIS = YES;
				CLANG_WARN_STRICT_PROTOTYPES = YES;
				CLANG_WARN_SUSPICIOUS_MOVE = YES;
				CLANG_WARN_UNGUARDED_AVAILABILITY = YES_AGGRESSIVE;
				CLANG_WARN_UNREACHABLE_CODE = YES;
				CLANG_WARN__DUPLICATE_METHOD_MATCH = YES;
				CODE_SIGN_IDENTITY = "iPhone Developer";
				COPY_PHASE_STRIP = NO;
				DEBUG_INFORMATION_FORMAT = dwarf;
				ENABLE_STRICT_OBJC_MSGSEND = YES;
				ENABLE_TESTABILITY = YES;
				GCC_C_LANGUAGE_STANDARD = gnu11;
				GCC_DYNAMIC_NO_PIC = NO;
				GCC_NO_COMMON_BLOCKS = YES;
				GCC_OPTIMIZATION_LEVEL = 0;
				GCC_PREPROCESSOR_DEFINITIONS = (
					"DEBUG=1",
					"$(inherited)",
				);
				GCC_WARN_64_TO_32_BIT_CONVERSION = YES;
				GCC_WARN_ABOUT_RETURN_TYPE = YES_ERROR;
				GCC_WARN_UNDECLARED_SELECTOR = YES;
				GCC_WARN_UNINITIALIZED_AUTOS = YES_AGGRESSIVE;
				GCC_WARN_UNUSED_FUNCTION = YES;
				GCC_WARN_UNUSED_VARIABLE = YES;
				IPHONEOS_DEPLOYMENT_TARGET = 11.2;
				MTL_ENABLE_DEBUG_INFO = YES;
				ONLY_ACTIVE_ARCH = YES;
				SDKROOT = iphoneos;
			};
			name = Debug;
		};
		EA50F5BB1FE20DF4007D062A /* Release */ = {
			isa = XCBuildConfiguration;
			buildSettings = {
				ALWAYS_SEARCH_USER_PATHS = NO;
				CLANG_ANALYZER_NONNULL = YES;
				CLANG_ANALYZER_NUMBER_OBJECT_CONVERSION = YES_AGGRESSIVE;
				CLANG_CXX_LANGUAGE_STANDARD = "gnu++14";
				CLANG_CXX_LIBRARY = "libc++";
				CLANG_ENABLE_MODULES = YES;
				CLANG_ENABLE_OBJC_ARC = YES;
				CLANG_WARN_BLOCK_CAPTURE_AUTORELEASING = YES;
				CLANG_WARN_BOOL_CONVERSION = YES;
				CLANG_WARN_COMMA = YES;
				CLANG_WARN_CONSTANT_CONVERSION = YES;
				CLANG_WARN_DIRECT_OBJC_ISA_USAGE = YES_ERROR;
				CLANG_WARN_DOCUMENTATION_COMMENTS = YES;
				CLANG_WARN_EMPTY_BODY = YES;
				CLANG_WARN_ENUM_CONVERSION = YES;
				CLANG_WARN_INFINITE_RECURSION = YES;
				CLANG_WARN_INT_CONVERSION = YES;
				CLANG_WARN_NON_LITERAL_NULL_CONVERSION = YES;
				CLANG_WARN_OBJC_LITERAL_CONVERSION = YES;
				CLANG_WARN_OBJC_ROOT_CLASS = YES_ERROR;
				CLANG_WARN_RANGE_LOOP_ANALYSIS = YES;
				CLANG_WARN_STRICT_PROTOTYPES = YES;
				CLANG_WARN_SUSPICIOUS_MOVE = YES;
				CLANG_WARN_UNGUARDED_AVAILABILITY = YES_AGGRESSIVE;
				CLANG_WARN_UNREACHABLE_CODE = YES;
				CLANG_WARN__DUPLICATE_METHOD_MATCH = YES;
				CODE_SIGN_IDENTITY = "iPhone Developer";
				COPY_PHASE_STRIP = NO;
				DEBUG_INFORMATION_FORMAT = "dwarf-with-dsym";
				ENABLE_NS_ASSERTIONS = NO;
				ENABLE_STRICT_OBJC_MSGSEND = YES;
				GCC_C_LANGUAGE_STANDARD = gnu11;
				GCC_NO_COMMON_BLOCKS = YES;
				GCC_WARN_64_TO_32_BIT_CONVERSION = YES;
				GCC_WARN_ABOUT_RETURN_TYPE = YES_ERROR;
				GCC_WARN_UNDECLARED_SELECTOR = YES;
				GCC_WARN_UNINITIALIZED_AUTOS = YES_AGGRESSIVE;
				GCC_WARN_UNUSED_FUNCTION = YES;
				GCC_WARN_UNUSED_VARIABLE = YES;
				IPHONEOS_DEPLOYMENT_TARGET = 11.2;
				MTL_ENABLE_DEBUG_INFO = NO;
				SDKROOT = iphoneos;
				VALIDATE_PRODUCT = YES;
			};
			name = Release;
		};
		EA50F5BD1FE20DF4007D062A /* Debug */ = {
			isa = XCBuildConfiguration;
			baseConfigurationReference = 4ACEFA78DF9640D6E882EB8A /* Pods-SecuritySystem.debug.xcconfig */;
			buildSettings = {
				ASSETCATALOG_COMPILER_APPICON_NAME = AppIcon;
				CODE_SIGN_STYLE = Manual;
				DEVELOPMENT_TEAM = 3LZ5AMJH8P;
				FRAMEWORK_SEARCH_PATHS = (
					"$(inherited)",
					"$(PROJECT_DIR)/SecuritySystem/Thrid",
				);
				GCC_INCREASE_PRECOMPILED_HEADER_SHARING = NO;
				GCC_PRECOMPILE_PREFIX_HEADER = YES;
				GCC_PREFIX_HEADER = SecuritySystem/PrefixHeader.pch;
				INFOPLIST_FILE = SecuritySystem/Info.plist;
				IPHONEOS_DEPLOYMENT_TARGET = 8.0;
				LD_RUNPATH_SEARCH_PATHS = "$(inherited) @executable_path/Frameworks";
				PRODUCT_BUNDLE_IDENTIFIER = com.itble.changankaoqing;
				PRODUCT_NAME = "$(TARGET_NAME)";
				PROVISIONING_PROFILE = "94fb0301-f94f-4d4e-a601-8985423c77e4";
				PROVISIONING_PROFILE_SPECIFIER = Changankaoqing_dev;
				TARGETED_DEVICE_FAMILY = "1,2";
			};
			name = Debug;
		};
		EA50F5BE1FE20DF4007D062A /* Release */ = {
			isa = XCBuildConfiguration;
			baseConfigurationReference = 7696A807ABE891A9169E3D38 /* Pods-SecuritySystem.release.xcconfig */;
			buildSettings = {
				ASSETCATALOG_COMPILER_APPICON_NAME = AppIcon;
				CODE_SIGN_STYLE = Manual;
				DEVELOPMENT_TEAM = 3LZ5AMJH8P;
				FRAMEWORK_SEARCH_PATHS = (
					"$(inherited)",
					"$(PROJECT_DIR)/SecuritySystem/Thrid",
				);
				GCC_INCREASE_PRECOMPILED_HEADER_SHARING = NO;
				GCC_PRECOMPILE_PREFIX_HEADER = YES;
				GCC_PREFIX_HEADER = SecuritySystem/PrefixHeader.pch;
				INFOPLIST_FILE = SecuritySystem/Info.plist;
				IPHONEOS_DEPLOYMENT_TARGET = 8.0;
				LD_RUNPATH_SEARCH_PATHS = "$(inherited) @executable_path/Frameworks";
				PRODUCT_BUNDLE_IDENTIFIER = com.itble.changankaoqing;
				PRODUCT_NAME = "$(TARGET_NAME)";
				PROVISIONING_PROFILE = "94fb0301-f94f-4d4e-a601-8985423c77e4";
				PROVISIONING_PROFILE_SPECIFIER = Changankaoqing_dev;
				TARGETED_DEVICE_FAMILY = "1,2";
			};
			name = Release;
		};
/* End XCBuildConfiguration section */

/* Begin XCConfigurationList section */
		EA50F5A11FE20DF4007D062A /* Build configuration list for PBXProject "SecuritySystem" */ = {
			isa = XCConfigurationList;
			buildConfigurations = (
				EA50F5BA1FE20DF4007D062A /* Debug */,
				EA50F5BB1FE20DF4007D062A /* Release */,
			);
			defaultConfigurationIsVisible = 0;
			defaultConfigurationName = Release;
		};
		EA50F5BC1FE20DF4007D062A /* Build configuration list for PBXNativeTarget "SecuritySystem" */ = {
			isa = XCConfigurationList;
			buildConfigurations = (
				EA50F5BD1FE20DF4007D062A /* Debug */,
				EA50F5BE1FE20DF4007D062A /* Release */,
			);
			defaultConfigurationIsVisible = 0;
			defaultConfigurationName = Release;
		};
/* End XCConfigurationList section */
	};
	rootObject = EA50F59E1FE20DF4007D062A /* Project object */;
}
