// !$*UTF8*$!
{
	archiveVersion = 1;
	classes = {
	};
	objectVersion = 48;
	objects = {

/* Begin PBXBuildFile section */
		EA50F5AB1FE20DF4007D062A /* AppDelegate.m in Sources */ = {isa = PBXBuildFile; fileRef = EA50F5AA1FE20DF4007D062A /* AppDelegate.m */; };
		EA50F5AE1FE20DF4007D062A /* ViewController.m in Sources */ = {isa = PBXBuildFile; fileRef = EA50F5AD1FE20DF4007D062A /* ViewController.m */; };
		EA50F5B11FE20DF4007D062A /* Main.storyboard in Resources */ = {isa = PBXBuildFile; fileRef = EA50F5AF1FE20DF4007D062A /* Main.storyboard */; };
		EA50F5B31FE20DF4007D062A /* Assets.xcassets in Resources */ = {isa = PBXBuildFile; fileRef = EA50F5B21FE20DF4007D062A /* Assets.xcassets */; };
		EA50F5B61FE20DF4007D062A /* LaunchScreen.storyboard in Resources */ = {isa = PBXBuildFile; fileRef = EA50F5B41FE20DF4007D062A /* LaunchScreen.storyboard */; };
		EA50F5B91FE20DF4007D062A /* main.m in Sources */ = {isa = PBXBuildFile; fileRef = EA50F5B81FE20DF4007D062A /* main.m */; };
/* End PBXBuildFile section */

/* Begin PBXFileReference section */
		EA50F5A61FE20DF4007D062A /* SecuritySystem.app */ = {isa = PBXFileReference; explicitFileType = wrapper.application; includeInIndex = 0; path = SecuritySystem.app; sourceTree = BUILT_PRODUCTS_DIR; };
		EA50F5A91FE20DF4007D062A /* AppDelegate.h */ = {isa = PBXFileReference; lastKnownFileType = sourcecode.c.h; path = AppDelegate.h; sourceTree = "<group>"; };
		EA50F5AA1FE20DF4007D062A /* AppDelegate.m */ = {isa = PBXFileReference; lastKnownFileType = sourcecode.c.objc; path = AppDelegate.m; sourceTree = "<group>"; };
		EA50F5AC1FE20DF4007D062A /* ViewController.h */ = {isa = PBXFileReference; lastKnownFileType = sourcecode.c.h; path = ViewController.h; sourceTree = "<group>"; };
		EA50F5AD1FE20DF4007D062A /* ViewController.m */ = {isa = PBXFileReference; lastKnownFileType = sourcecode.c.objc; path = ViewController.m; sourceTree = "<group>"; };
		EA50F5B01FE20DF4007D062A /* Base */ = {isa = PBXFileReference; lastKnownFileType = file.storyboard; name = Base; path = Base.lproj/Main.storyboard; sourceTree = "<group>"; };
		EA50F5B21FE20DF4007D062A /* Assets.xcassets */ = {isa = PBXFileReference; lastKnownFileType = folder.assetcatalog; path = Assets.xcassets; sourceTree = "<group>"; };
		EA50F5B51FE20DF4007D062A /* Base */ = {isa = PBXFileReference; lastKnownFileType = file.storyboard; name = Base; path = Base.lproj/LaunchScreen.storyboard; sourceTree = "<group>"; };
		EA50F5B71FE20DF4007D062A /* Info.plist */ = {isa = PBXFileReference; lastKnownFileType = text.plist.xml; path = Info.plist; sourceTree = "<group>"; };
		EA50F5B81FE20DF4007D062A /* main.m */ = {isa = PBXFileReference; lastKnownFileType = sourcecode.c.objc; path = main.m; sourceTree = "<group>"; };
/* End PBXFileReference section */

/* Begin PBXFrameworksBuildPhase section */
		EA50F5A31FE20DF4007D062A /* Frameworks */ = {
			isa = PBXFrameworksBuildPhase;
			buildActionMask = 2147483647;
			files = (
			);
			runOnlyForDeploymentPostprocessing = 0;
		};
/* End PBXFrameworksBuildPhase section */

/* Begin PBXGroup section */
		EA50F59D1FE20DF4007D062A = {
			isa = PBXGroup;
			children = (
				EA50F5A81FE20DF4007D062A /* SecuritySystem */,
				EA50F5A71FE20DF4007D062A /* Products */,
			);
			sourceTree = "<group>";
		};
		EA50F5A71FE20DF4007D062A /* Products */ = {
			isa = PBXGroup;
			children = (
				EA50F5A61FE20DF4007D062A /* SecuritySystem.app */,
			);
			name = Products;
			sourceTree = "<group>";
		};
		EA50F5A81FE20DF4007D062A /* SecuritySystem */ = {
			isa = PBXGroup;
			children = (
				EA50F5A91FE20DF4007D062A /* AppDelegate.h */,
				EA50F5AA1FE20DF4007D062A /* AppDelegate.m */,
				EA50F5AC1FE20DF4007D062A /* ViewController.h */,
				EA50F5AD1FE20DF4007D062A /* ViewController.m */,
				EA50F5AF1FE20DF4007D062A /* Main.storyboard */,
				EA50F5B21FE20DF4007D062A /* Assets.xcassets */,
				EA50F5B41FE20DF4007D062A /* LaunchScreen.storyboard */,
				EA50F5B71FE20DF4007D062A /* Info.plist */,
				EA50F5B81FE20DF4007D062A /* main.m */,
			);
			path = SecuritySystem;
			sourceTree = "<group>";
		};
/* End PBXGroup section */

/* Begin PBXNativeTarget section */
		EA50F5A51FE20DF4007D062A /* SecuritySystem */ = {
			isa = PBXNativeTarget;
			buildConfigurationList = EA50F5BC1FE20DF4007D062A /* Build configuration list for PBXNativeTarget "SecuritySystem" */;
			buildPhases = (
				EA50F5A21FE20DF4007D062A /* Sources */,
				EA50F5A31FE20DF4007D062A /* Frameworks */,
				EA50F5A41FE20DF4007D062A /* Resources */,
			);
			buildRules = (
			);
			dependencies = (
			);
			name = SecuritySystem;
			productName = SecuritySystem;
			productReference = EA50F5A61FE20DF4007D062A /* SecuritySystem.app */;
			productType = "com.apple.product-type.application";
		};
/* End PBXNativeTarget section */

/* Begin PBXProject section */
		EA50F59E1FE20DF4007D062A /* Project object */ = {
			isa = PBXProject;
			attributes = {
				LastUpgradeCheck = 0920;
				ORGANIZATIONNAME = wangkun;
				TargetAttributes = {
					EA50F5A51FE20DF4007D062A = {
						CreatedOnToolsVersion = 9.2;
						ProvisioningStyle = Automatic;
					};
				};
			};
			buildConfigurationList = EA50F5A11FE20DF4007D062A /* Build configuration list for PBXProject "SecuritySystem" */;
			compatibilityVersion = "Xcode 8.0";
			developmentRegion = en;
			hasScannedForEncodings = 0;
			knownRegions = (
				en,
				Base,
			);
			mainGroup = EA50F59D1FE20DF4007D062A;
			productRefGroup = EA50F5A71FE20DF4007D062A /* Products */;
			projectDirPath = "";
			projectRoot = "";
			targets = (
				EA50F5A51FE20DF4007D062A /* SecuritySystem */,
			);
		};
/* End PBXProject section */

/* Begin PBXResourcesBuildPhase section */
		EA50F5A41FE20DF4007D062A /* Resources */ = {
			isa = PBXResourcesBuildPhase;
			buildActionMask = 2147483647;
			files = (
				EA50F5B61FE20DF4007D062A /* LaunchScreen.storyboard in Resources */,
				EA50F5B31FE20DF4007D062A /* Assets.xcassets in Resources */,
				EA50F5B11FE20DF4007D062A /* Main.storyboard in Resources */,
			);
			runOnlyForDeploymentPostprocessing = 0;
		};
/* End PBXResourcesBuildPhase section */

/* Begin PBXSourcesBuildPhase section */
		EA50F5A21FE20DF4007D062A /* Sources */ = {
			isa = PBXSourcesBuildPhase;
			buildActionMask = 2147483647;
			files = (
				EA50F5AE1FE20DF4007D062A /* ViewController.m in Sources */,
				EA50F5B91FE20DF4007D062A /* main.m in Sources */,
				EA50F5AB1FE20DF4007D062A /* AppDelegate.m in Sources */,
			);
			runOnlyForDeploymentPostprocessing = 0;
		};
/* End PBXSourcesBuildPhase section */

/* Begin PBXVariantGroup section */
		EA50F5AF1FE20DF4007D062A /* Main.storyboard */ = {
			isa = PBXVariantGroup;
			children = (
				EA50F5B01FE20DF4007D062A /* Base */,
			);
			name = Main.storyboard;
			sourceTree = "<group>";
		};
		EA50F5B41FE20DF4007D062A /* LaunchScreen.storyboard */ = {
			isa = PBXVariantGroup;
			children = (
				EA50F5B51FE20DF4007D062A /* Base */,
			);
			name = LaunchScreen.storyboard;
			sourceTree = "<group>";
		};
/* End PBXVariantGroup section */

/* Begin XCBuildConfiguration section */
		EA50F5BA1FE20DF4007D062A /* Debug */ = {
			isa = XCBuildConfiguration;
			buildSettings = {
				ALWAYS_SEARCH_USER_PATHS = NO;
				CLANG_ANALYZER_NONNULL = YES;
				CLANG_ANALYZER_NUMBER_OBJECT_CONVERSION = YES_AGGRESSIVE;
				CLANG_CXX_LANGUAGE_STANDARD = "gnu++14";
				CLANG_CXX_LIBRARY = "libc++";
				CLANG_ENABLE_MODULES = YES;
				CLANG_ENABLE_OBJC_ARC = YES;
				CLANG_WARN_BLOCK_CAPTURE_AUTORELEASING = YES;
				CLANG_WARN_BOOL_CONVERSION = YES;
				CLANG_WARN_COMMA = YES;
				CLANG_WARN_CONSTANT_CONVERSION = YES;
				CLANG_WARN_DIRECT_OBJC_ISA_USAGE = YES_ERROR;
				CLANG_WARN_DOCUMENTATION_COMMENTS = YES;
				CLANG_WARN_EMPTY_BODY = YES;
				CLANG_WARN_ENUM_CONVERSION = YES;
				CLANG_WARN_INFINITE_RECURSION = YES;
				CLANG_WARN_INT_CONVERSION = YES;
				CLANG_WARN_NON_LITERAL_NULL_CONVERSION = YES;
				CLANG_WARN_OBJC_LITERAL_CONVERSION = YES;
				CLANG_WARN_OBJC_ROOT_CLASS = YES_ERROR;
				CLANG_WARN_RANGE_LOOP_ANALYSIS = YES;
				CLANG_WARN_STRICT_PROTOTYPES = YES;
				CLANG_WARN_SUSPICIOUS_MOVE = YES;
				CLANG_WARN_UNGUARDED_AVAILABILITY = YES_AGGRESSIVE;
				CLANG_WARN_UNREACHABLE_CODE = YES;
				CLANG_WARN__DUPLICATE_METHOD_MATCH = YES;
				CODE_SIGN_IDENTITY = "iPhone Developer";
				COPY_PHASE_STRIP = NO;
				DEBUG_INFORMATION_FORMAT = dwarf;
				ENABLE_STRICT_OBJC_MSGSEND = YES;
				ENABLE_TESTABILITY = YES;
				GCC_C_LANGUAGE_STANDARD = gnu11;
				GCC_DYNAMIC_NO_PIC = NO;
				GCC_NO_COMMON_BLOCKS = YES;
				GCC_OPTIMIZATION_LEVEL = 0;
				GCC_PREPROCESSOR_DEFINITIONS = (
					"DEBUG=1",
					"$(inherited)",
				);
				GCC_WARN_64_TO_32_BIT_CONVERSION = YES;
				GCC_WARN_ABOUT_RETURN_TYPE = YES_ERROR;
				GCC_WARN_UNDECLARED_SELECTOR = YES;
				GCC_WARN_UNINITIALIZED_AUTOS = YES_AGGRESSIVE;
				GCC_WARN_UNUSED_FUNCTION = YES;
				GCC_WARN_UNUSED_VARIABLE = YES;
				IPHONEOS_DEPLOYMENT_TARGET = 11.2;
				MTL_ENABLE_DEBUG_INFO = YES;
				ONLY_ACTIVE_ARCH = YES;
				SDKROOT = iphoneos;
			};
			name = Debug;
		};
		EA50F5BB1FE20DF4007D062A /* Release */ = {
			isa = XCBuildConfiguration;
			buildSettings = {
				ALWAYS_SEARCH_USER_PATHS = NO;
				CLANG_ANALYZER_NONNULL = YES;
				CLANG_ANALYZER_NUMBER_OBJECT_CONVERSION = YES_AGGRESSIVE;
				CLANG_CXX_LANGUAGE_STANDARD = "gnu++14";
				CLANG_CXX_LIBRARY = "libc++";
				CLANG_ENABLE_MODULES = YES;
				CLANG_ENABLE_OBJC_ARC = YES;
				CLANG_WARN_BLOCK_CAPTURE_AUTORELEASING = YES;
				CLANG_WARN_BOOL_CONVERSION = YES;
				CLANG_WARN_COMMA = YES;
				CLANG_WARN_CONSTANT_CONVERSION = YES;
				CLANG_WARN_DIRECT_OBJC_ISA_USAGE = YES_ERROR;
				CLANG_WARN_DOCUMENTATION_COMMENTS = YES;
				CLANG_WARN_EMPTY_BODY = YES;
				CLANG_WARN_ENUM_CONVERSION = YES;
				CLANG_WARN_INFINITE_RECURSION = YES;
				CLANG_WARN_INT_CONVERSION = YES;
				CLANG_WARN_NON_LITERAL_NULL_CONVERSION = YES;
				CLANG_WARN_OBJC_LITERAL_CONVERSION = YES;
				CLANG_WARN_OBJC_ROOT_CLASS = YES_ERROR;
				CLANG_WARN_RANGE_LOOP_ANALYSIS = YES;
				CLANG_WARN_STRICT_PROTOTYPES = YES;
				CLANG_WARN_SUSPICIOUS_MOVE = YES;
				CLANG_WARN_UNGUARDED_AVAILABILITY = YES_AGGRESSIVE;
				CLANG_WARN_UNREACHABLE_CODE = YES;
				CLANG_WARN__DUPLICATE_METHOD_MATCH = YES;
				CODE_SIGN_IDENTITY = "iPhone Developer";
				COPY_PHASE_STRIP = NO;
				DEBUG_INFORMATION_FORMAT = "dwarf-with-dsym";
				ENABLE_NS_ASSERTIONS = NO;
				ENABLE_STRICT_OBJC_MSGSEND = YES;
				GCC_C_LANGUAGE_STANDARD = gnu11;
				GCC_NO_COMMON_BLOCKS = YES;
				GCC_WARN_64_TO_32_BIT_CONVERSION = YES;
				GCC_WARN_ABOUT_RETURN_TYPE = YES_ERROR;
				GCC_WARN_UNDECLARED_SELECTOR = YES;
				GCC_WARN_UNINITIALIZED_AUTOS = YES_AGGRESSIVE;
				GCC_WARN_UNUSED_FUNCTION = YES;
				GCC_WARN_UNUSED_VARIABLE = YES;
				IPHONEOS_DEPLOYMENT_TARGET = 11.2;
				MTL_ENABLE_DEBUG_INFO = NO;
				SDKROOT = iphoneos;
				VALIDATE_PRODUCT = YES;
			};
			name = Release;
		};
		EA50F5BD1FE20DF4007D062A /* Debug */ = {
			isa = XCBuildConfiguration;
			buildSettings = {
				ASSETCATALOG_COMPILER_APPICON_NAME = AppIcon;
				CODE_SIGN_STYLE = Automatic;
				INFOPLIST_FILE = SecuritySystem/Info.plist;
				LD_RUNPATH_SEARCH_PATHS = "$(inherited) @executable_path/Frameworks";
				PRODUCT_BUNDLE_IDENTIFIER = com.wangkun.SecuritySystem;
				PRODUCT_NAME = "$(TARGET_NAME)";
				TARGETED_DEVICE_FAMILY = "1,2";
			};
			name = Debug;
		};
		EA50F5BE1FE20DF4007D062A /* Release */ = {
			isa = XCBuildConfiguration;
			buildSettings = {
				ASSETCATALOG_COMPILER_APPICON_NAME = AppIcon;
				CODE_SIGN_STYLE = Automatic;
				INFOPLIST_FILE = SecuritySystem/Info.plist;
				LD_RUNPATH_SEARCH_PATHS = "$(inherited) @executable_path/Frameworks";
				PRODUCT_BUNDLE_IDENTIFIER = com.wangkun.SecuritySystem;
				PRODUCT_NAME = "$(TARGET_NAME)";
				TARGETED_DEVICE_FAMILY = "1,2";
			};
			name = Release;
		};
/* End XCBuildConfiguration section */

/* Begin XCConfigurationList section */
		EA50F5A11FE20DF4007D062A /* Build configuration list for PBXProject "SecuritySystem" */ = {
			isa = XCConfigurationList;
			buildConfigurations = (
				EA50F5BA1FE20DF4007D062A /* Debug */,
				EA50F5BB1FE20DF4007D062A /* Release */,
			);
			defaultConfigurationIsVisible = 0;
			defaultConfigurationName = Release;
		};
		EA50F5BC1FE20DF4007D062A /* Build configuration list for PBXNativeTarget "SecuritySystem" */ = {
			isa = XCConfigurationList;
			buildConfigurations = (
				EA50F5BD1FE20DF4007D062A /* Debug */,
				EA50F5BE1FE20DF4007D062A /* Release */,
			);
			defaultConfigurationIsVisible = 0;
			defaultConfigurationName = Release;
		};
/* End XCConfigurationList section */
	};
	rootObject = EA50F59E1FE20DF4007D062A /* Project object */;
}
